// !$*UTF8*$!
{
	archiveVersion = 1;
	classes = {
	};
	objectVersion = 77;
	objects = {

/* Begin PBXContainerItemProxy section */
		D5672D632CF014FD00A78F5A /* PBXContainerItemProxy */ = {
			isa = PBXContainerItemProxy;
			containerPortal = D5672D4A2CF014FC00A78F5A /* Project object */;
			proxyType = 1;
			remoteGlobalIDString = D5672D512CF014FC00A78F5A;
			remoteInfo = BeerAdvisor;
		};
		D5672D6D2CF014FD00A78F5A /* PBXContainerItemProxy */ = {
			isa = PBXContainerItemProxy;
			containerPortal = D5672D4A2CF014FC00A78F5A /* Project object */;
			proxyType = 1;
			remoteGlobalIDString = D5672D512CF014FC00A78F5A;
			remoteInfo = BeerAdvisor;
		};
/* End PBXContainerItemProxy section */

/* Begin PBXFileReference section */
		D5672D522CF014FC00A78F5A /* BeerAdvisor.app */ = {isa = PBXFileReference; explicitFileType = wrapper.application; includeInIndex = 0; path = BeerAdvisor.app; sourceTree = BUILT_PRODUCTS_DIR; };
		D5672D622CF014FD00A78F5A /* BeerAdvisorTests.xctest */ = {isa = PBXFileReference; explicitFileType = wrapper.cfbundle; includeInIndex = 0; path = BeerAdvisorTests.xctest; sourceTree = BUILT_PRODUCTS_DIR; };
		D5672D6C2CF014FD00A78F5A /* BeerAdvisorUITests.xctest */ = {isa = PBXFileReference; explicitFileType = wrapper.cfbundle; includeInIndex = 0; path = BeerAdvisorUITests.xctest; sourceTree = BUILT_PRODUCTS_DIR; };
/* End PBXFileReference section */

/* Begin PBXFileSystemSynchronizedRootGroup section */
		D5672D542CF014FC00A78F5A /* BeerAdvisor */ = {
			isa = PBXFileSystemSynchronizedRootGroup;
			path = BeerAdvisor;
			sourceTree = "<group>";
		};
		D5672D652CF014FD00A78F5A /* BeerAdvisorTests */ = {
			isa = PBXFileSystemSynchronizedRootGroup;
			path = BeerAdvisorTests;
			sourceTree = "<group>";
		};
		D5672D6F2CF014FD00A78F5A /* BeerAdvisorUITests */ = {
			isa = PBXFileSystemSynchronizedRootGroup;
			path = BeerAdvisorUITests;
			sourceTree = "<group>";
		};
/* End PBXFileSystemSynchronizedRootGroup section */

/* Begin PBXFrameworksBuildPhase section */
		D5672D4F2CF014FC00A78F5A /* Frameworks */ = {
			isa = PBXFrameworksBuildPhase;
			buildActionMask = 2147483647;
			files = (
			);
			runOnlyForDeploymentPostprocessing = 0;
		};
		D5672D5F2CF014FD00A78F5A /* Frameworks */ = {
			isa = PBXFrameworksBuildPhase;
			buildActionMask = 2147483647;
			files = (
			);
			runOnlyForDeploymentPostprocessing = 0;
		};
		D5672D692CF014FD00A78F5A /* Frameworks */ = {
			isa = PBXFrameworksBuildPhase;
			buildActionMask = 2147483647;
			files = (
			);
			runOnlyForDeploymentPostprocessing = 0;
		};
/* End PBXFrameworksBuildPhase section */

/* Begin PBXGroup section */
		D5672D492CF014FC00A78F5A = {
			isa = PBXGroup;
			children = (
				D5672D542CF014FC00A78F5A /* BeerAdvisor */,
				D5672D652CF014FD00A78F5A /* BeerAdvisorTests */,
				D5672D6F2CF014FD00A78F5A /* BeerAdvisorUITests */,
				D5672D532CF014FC00A78F5A /* Products */,
			);
			sourceTree = "<group>";
		};
		D5672D532CF014FC00A78F5A /* Products */ = {
			isa = PBXGroup;
			children = (
				D5672D522CF014FC00A78F5A /* BeerAdvisor.app */,
				D5672D622CF014FD00A78F5A /* BeerAdvisorTests.xctest */,
				D5672D6C2CF014FD00A78F5A /* BeerAdvisorUITests.xctest */,
			);
			name = Products;
			sourceTree = "<group>";
		};
/* End PBXGroup section */

/* Begin PBXNativeTarget section */
		D5672D512CF014FC00A78F5A /* BeerAdvisor */ = {
			isa = PBXNativeTarget;
			buildConfigurationList = D5672D762CF014FD00A78F5A /* Build configuration list for PBXNativeTarget "BeerAdvisor" */;
			buildPhases = (
				D5672D4E2CF014FC00A78F5A /* Sources */,
				D5672D4F2CF014FC00A78F5A /* Frameworks */,
				D5672D502CF014FC00A78F5A /* Resources */,
			);
			buildRules = (
			);
			dependencies = (
			);
			fileSystemSynchronizedGroups = (
				D5672D542CF014FC00A78F5A /* BeerAdvisor */,
			);
			name = BeerAdvisor;
			packageProductDependencies = (
			);
			productName = BeerAdvisor;
			productReference = D5672D522CF014FC00A78F5A /* BeerAdvisor.app */;
			productType = "com.apple.product-type.application";
		};
		D5672D612CF014FD00A78F5A /* BeerAdvisorTests */ = {
			isa = PBXNativeTarget;
			buildConfigurationList = D5672D792CF014FD00A78F5A /* Build configuration list for PBXNativeTarget "BeerAdvisorTests" */;
			buildPhases = (
				D5672D5E2CF014FD00A78F5A /* Sources */,
				D5672D5F2CF014FD00A78F5A /* Frameworks */,
				D5672D602CF014FD00A78F5A /* Resources */,
			);
			buildRules = (
			);
			dependencies = (
				D5672D642CF014FD00A78F5A /* PBXTargetDependency */,
			);
			fileSystemSynchronizedGroups = (
				D5672D652CF014FD00A78F5A /* BeerAdvisorTests */,
			);
			name = BeerAdvisorTests;
			packageProductDependencies = (
			);
			productName = BeerAdvisorTests;
			productReference = D5672D622CF014FD00A78F5A /* BeerAdvisorTests.xctest */;
			productType = "com.apple.product-type.bundle.unit-test";
		};
		D5672D6B2CF014FD00A78F5A /* BeerAdvisorUITests */ = {
			isa = PBXNativeTarget;
			buildConfigurationList = D5672D7C2CF014FD00A78F5A /* Build configuration list for PBXNativeTarget "BeerAdvisorUITests" */;
			buildPhases = (
				D5672D682CF014FD00A78F5A /* Sources */,
				D5672D692CF014FD00A78F5A /* Frameworks */,
				D5672D6A2CF014FD00A78F5A /* Resources */,
			);
			buildRules = (
			);
			dependencies = (
				D5672D6E2CF014FD00A78F5A /* PBXTargetDependency */,
			);
			fileSystemSynchronizedGroups = (
				D5672D6F2CF014FD00A78F5A /* BeerAdvisorUITests */,
			);
			name = BeerAdvisorUITests;
			packageProductDependencies = (
			);
			productName = BeerAdvisorUITests;
			productReference = D5672D6C2CF014FD00A78F5A /* BeerAdvisorUITests.xctest */;
			productType = "com.apple.product-type.bundle.ui-testing";
		};
/* End PBXNativeTarget section */

/* Begin PBXProject section */
		D5672D4A2CF014FC00A78F5A /* Project object */ = {
			isa = PBXProject;
			attributes = {
				BuildIndependentTargetsInParallel = 1;
				LastSwiftUpdateCheck = 1610;
				LastUpgradeCheck = 1610;
				TargetAttributes = {
					D5672D512CF014FC00A78F5A = {
						CreatedOnToolsVersion = 16.1;
					};
					D5672D612CF014FD00A78F5A = {
						CreatedOnToolsVersion = 16.1;
						TestTargetID = D5672D512CF014FC00A78F5A;
					};
					D5672D6B2CF014FD00A78F5A = {
						CreatedOnToolsVersion = 16.1;
						TestTargetID = D5672D512CF014FC00A78F5A;
					};
				};
			};
			buildConfigurationList = D5672D4D2CF014FC00A78F5A /* Build configuration list for PBXProject "BeerAdvisor" */;
			developmentRegion = en;
			hasScannedForEncodings = 0;
			knownRegions = (
				en,
				Base,
			);
			mainGroup = D5672D492CF014FC00A78F5A;
			minimizedProjectReferenceProxies = 1;
			preferredProjectObjectVersion = 77;
			productRefGroup = D5672D532CF014FC00A78F5A /* Products */;
			projectDirPath = "";
			projectRoot = "";
			targets = (
				D5672D512CF014FC00A78F5A /* BeerAdvisor */,
				D5672D612CF014FD00A78F5A /* BeerAdvisorTests */,
				D5672D6B2CF014FD00A78F5A /* BeerAdvisorUITests */,
			);
		};
/* End PBXProject section */

/* Begin PBXResourcesBuildPhase section */
		D5672D502CF014FC00A78F5A /* Resources */ = {
			isa = PBXResourcesBuildPhase;
			buildActionMask = 2147483647;
			files = (
			);
			runOnlyForDeploymentPostprocessing = 0;
		};
		D5672D602CF014FD00A78F5A /* Resources */ = {
			isa = PBXResourcesBuildPhase;
			buildActionMask = 2147483647;
			files = (
			);
			runOnlyForDeploymentPostprocessing = 0;
		};
		D5672D6A2CF014FD00A78F5A /* Resources */ = {
			isa = PBXResourcesBuildPhase;
			buildActionMask = 2147483647;
			files = (
			);
			runOnlyForDeploymentPostprocessing = 0;
		};
/* End PBXResourcesBuildPhase section */

/* Begin PBXSourcesBuildPhase section */
		D5672D4E2CF014FC00A78F5A /* Sources */ = {
			isa = PBXSourcesBuildPhase;
			buildActionMask = 2147483647;
			files = (
			);
			runOnlyForDeploymentPostprocessing = 0;
		};
		D5672D5E2CF014FD00A78F5A /* Sources */ = {
			isa = PBXSourcesBuildPhase;
			buildActionMask = 2147483647;
			files = (
			);
			runOnlyForDeploymentPostprocessing = 0;
		};
		D5672D682CF014FD00A78F5A /* Sources */ = {
			isa = PBXSourcesBuildPhase;
			buildActionMask = 2147483647;
			files = (
			);
			runOnlyForDeploymentPostprocessing = 0;
		};
/* End PBXSourcesBuildPhase section */

/* Begin PBXTargetDependency section */
		D5672D642CF014FD00A78F5A /* PBXTargetDependency */ = {
			isa = PBXTargetDependency;
			target = D5672D512CF014FC00A78F5A /* BeerAdvisor */;
			targetProxy = D5672D632CF014FD00A78F5A /* PBXContainerItemProxy */;
		};
		D5672D6E2CF014FD00A78F5A /* PBXTargetDependency */ = {
			isa = PBXTargetDependency;
			target = D5672D512CF014FC00A78F5A /* BeerAdvisor */;
			targetProxy = D5672D6D2CF014FD00A78F5A /* PBXContainerItemProxy */;
		};
/* End PBXTargetDependency section */

/* Begin XCBuildConfiguration section */
		D5672D742CF014FD00A78F5A /* Debug */ = {
			isa = XCBuildConfiguration;
			buildSettings = {
				ALWAYS_SEARCH_USER_PATHS = NO;
				ASSETCATALOG_COMPILER_GENERATE_SWIFT_ASSET_SYMBOL_EXTENSIONS = YES;
				CLANG_ANALYZER_NONNULL = YES;
				CLANG_ANALYZER_NUMBER_OBJECT_CONVERSION = YES_AGGRESSIVE;
				CLANG_CXX_LANGUAGE_STANDARD = "gnu++20";
				CLANG_ENABLE_MODULES = YES;
				CLANG_ENABLE_OBJC_ARC = YES;
				CLANG_ENABLE_OBJC_WEAK = YES;
				CLANG_WARN_BLOCK_CAPTURE_AUTORELEASING = YES;
				CLANG_WARN_BOOL_CONVERSION = YES;
				CLANG_WARN_COMMA = YES;
				CLANG_WARN_CONSTANT_CONVERSION = YES;
				CLANG_WARN_DEPRECATED_OBJC_IMPLEMENTATIONS = YES;
				CLANG_WARN_DIRECT_OBJC_ISA_USAGE = YES_ERROR;
				CLANG_WARN_DOCUMENTATION_COMMENTS = YES;
				CLANG_WARN_EMPTY_BODY = YES;
				CLANG_WARN_ENUM_CONVERSION = YES;
				CLANG_WARN_INFINITE_RECURSION = YES;
				CLANG_WARN_INT_CONVERSION = YES;
				CLANG_WARN_NON_LITERAL_NULL_CONVERSION = YES;
				CLANG_WARN_OBJC_IMPLICIT_RETAIN_SELF = YES;
				CLANG_WARN_OBJC_LITERAL_CONVERSION = YES;
				CLANG_WARN_OBJC_ROOT_CLASS = YES_ERROR;
				CLANG_WARN_QUOTED_INCLUDE_IN_FRAMEWORK_HEADER = YES;
				CLANG_WARN_RANGE_LOOP_ANALYSIS = YES;
				CLANG_WARN_STRICT_PROTOTYPES = YES;
				CLANG_WARN_SUSPICIOUS_MOVE = YES;
				CLANG_WARN_UNGUARDED_AVAILABILITY = YES_AGGRESSIVE;
				CLANG_WARN_UNREACHABLE_CODE = YES;
				CLANG_WARN__DUPLICATE_METHOD_MATCH = YES;
				COPY_PHASE_STRIP = NO;
				DEBUG_INFORMATION_FORMAT = dwarf;
				ENABLE_STRICT_OBJC_MSGSEND = YES;
				ENABLE_TESTABILITY = YES;
				ENABLE_USER_SCRIPT_SANDBOXING = YES;
				GCC_C_LANGUAGE_STANDARD = gnu17;
				GCC_DYNAMIC_NO_PIC = NO;
				GCC_NO_COMMON_BLOCKS = YES;
				GCC_OPTIMIZATION_LEVEL = 0;
				GCC_PREPROCESSOR_DEFINITIONS = (
					"DEBUG=1",
					"$(inherited)",
				);
				GCC_WARN_64_TO_32_BIT_CONVERSION = YES;
				GCC_WARN_ABOUT_RETURN_TYPE = YES_ERROR;
				GCC_WARN_UNDECLARED_SELECTOR = YES;
				GCC_WARN_UNINITIALIZED_AUTOS = YES_AGGRESSIVE;
				GCC_WARN_UNUSED_FUNCTION = YES;
				GCC_WARN_UNUSED_VARIABLE = YES;
				IPHONEOS_DEPLOYMENT_TARGET = 18.1;
				LOCALIZATION_PREFERS_STRING_CATALOGS = YES;
				MTL_ENABLE_DEBUG_INFO = INCLUDE_SOURCE;
				MTL_FAST_MATH = YES;
				ONLY_ACTIVE_ARCH = YES;
				SDKROOT = iphoneos;
				SWIFT_ACTIVE_COMPILATION_CONDITIONS = "DEBUG $(inherited)";
				SWIFT_OPTIMIZATION_LEVEL = "-Onone";
			};
			name = Debug;
		};
		D5672D752CF014FD00A78F5A /* Release */ = {
			isa = XCBuildConfiguration;
			buildSettings = {
				ALWAYS_SEARCH_USER_PATHS = NO;
				ASSETCATALOG_COMPILER_GENERATE_SWIFT_ASSET_SYMBOL_EXTENSIONS = YES;
				CLANG_ANALYZER_NONNULL = YES;
				CLANG_ANALYZER_NUMBER_OBJECT_CONVERSION = YES_AGGRESSIVE;
				CLANG_CXX_LANGUAGE_STANDARD = "gnu++20";
				CLANG_ENABLE_MODULES = YES;
				CLANG_ENABLE_OBJC_ARC = YES;
				CLANG_ENABLE_OBJC_WEAK = YES;
				CLANG_WARN_BLOCK_CAPTURE_AUTORELEASING = YES;
				CLANG_WARN_BOOL_CONVERSION = YES;
				CLANG_WARN_COMMA = YES;
				CLANG_WARN_CONSTANT_CONVERSION = YES;
				CLANG_WARN_DEPRECATED_OBJC_IMPLEMENTATIONS = YES;
				CLANG_WARN_DIRECT_OBJC_ISA_USAGE = YES_ERROR;
				CLANG_WARN_DOCUMENTATION_COMMENTS = YES;
				CLANG_WARN_EMPTY_BODY = YES;
				CLANG_WARN_ENUM_CONVERSION = YES;
				CLANG_WARN_INFINITE_RECURSION = YES;
				CLANG_WARN_INT_CONVERSION = YES;
				CLANG_WARN_NON_LITERAL_NULL_CONVERSION = YES;
				CLANG_WARN_OBJC_IMPLICIT_RETAIN_SELF = YES;
				CLANG_WARN_OBJC_LITERAL_CONVERSION = YES;
				CLANG_WARN_OBJC_ROOT_CLASS = YES_ERROR;
				CLANG_WARN_QUOTED_INCLUDE_IN_FRAMEWORK_HEADER = YES;
				CLANG_WARN_RANGE_LOOP_ANALYSIS = YES;
				CLANG_WARN_STRICT_PROTOTYPES = YES;
				CLANG_WARN_SUSPICIOUS_MOVE = YES;
				CLANG_WARN_UNGUARDED_AVAILABILITY = YES_AGGRESSIVE;
				CLANG_WARN_UNREACHABLE_CODE = YES;
				CLANG_WARN__DUPLICATE_METHOD_MATCH = YES;
				COPY_PHASE_STRIP = NO;
				DEBUG_INFORMATION_FORMAT = "dwarf-with-dsym";
				ENABLE_NS_ASSERTIONS = NO;
				ENABLE_STRICT_OBJC_MSGSEND = YES;
				ENABLE_USER_SCRIPT_SANDBOXING = YES;
				GCC_C_LANGUAGE_STANDARD = gnu17;
				GCC_NO_COMMON_BLOCKS = YES;
				GCC_WARN_64_TO_32_BIT_CONVERSION = YES;
				GCC_WARN_ABOUT_RETURN_TYPE = YES_ERROR;
				GCC_WARN_UNDECLARED_SELECTOR = YES;
				GCC_WARN_UNINITIALIZED_AUTOS = YES_AGGRESSIVE;
				GCC_WARN_UNUSED_FUNCTION = YES;
				GCC_WARN_UNUSED_VARIABLE = YES;
				IPHONEOS_DEPLOYMENT_TARGET = 18.1;
				LOCALIZATION_PREFERS_STRING_CATALOGS = YES;
				MTL_ENABLE_DEBUG_INFO = NO;
				MTL_FAST_MATH = YES;
				SDKROOT = iphoneos;
				SWIFT_COMPILATION_MODE = wholemodule;
				VALIDATE_PRODUCT = YES;
			};
			name = Release;
		};
		D5672D772CF014FD00A78F5A /* Debug */ = {
			isa = XCBuildConfiguration;
			buildSettings = {
				ASSETCATALOG_COMPILER_APPICON_NAME = AppIcon;
				ASSETCATALOG_COMPILER_GLOBAL_ACCENT_COLOR_NAME = AccentColor;
				CODE_SIGN_STYLE = Automatic;
				CURRENT_PROJECT_VERSION = 1;
				DEVELOPMENT_ASSET_PATHS = "\"BeerAdvisor/Preview Content\"";
				DEVELOPMENT_TEAM = 623CP8LB85;
				ENABLE_PREVIEWS = YES;
				GENERATE_INFOPLIST_FILE = YES;
				INFOPLIST_KEY_UIApplicationSceneManifest_Generation = YES;
				INFOPLIST_KEY_UIApplicationSupportsIndirectInputEvents = YES;
				INFOPLIST_KEY_UILaunchScreen_Generation = YES;
				INFOPLIST_KEY_UISupportedInterfaceOrientations_iPad = "UIInterfaceOrientationPortrait UIInterfaceOrientationPortraitUpsideDown UIInterfaceOrientationLandscapeLeft UIInterfaceOrientationLandscapeRight";
				INFOPLIST_KEY_UISupportedInterfaceOrientations_iPhone = "UIInterfaceOrientationPortrait UIInterfaceOrientationLandscapeLeft UIInterfaceOrientationLandscapeRight";
				LD_RUNPATH_SEARCH_PATHS = (
					"$(inherited)",
					"@executable_path/Frameworks",
				);
				MARKETING_VERSION = 1.0;
				PRODUCT_BUNDLE_IDENTIFIER = fritzboyle.BeerAdvisor;
				PRODUCT_NAME = "$(TARGET_NAME)";
				SWIFT_EMIT_LOC_STRINGS = YES;
				SWIFT_VERSION = 5.0;
				TARGETED_DEVICE_FAMILY = "1,2";
			};
			name = Debug;
		};
		D5672D782CF014FD00A78F5A /* Release */ = {
			isa = XCBuildConfiguration;
			buildSettings = {
				ASSETCATALOG_COMPILER_APPICON_NAME = AppIcon;
				ASSETCATALOG_COMPILER_GLOBAL_ACCENT_COLOR_NAME = AccentColor;
				CODE_SIGN_STYLE = Automatic;
				CURRENT_PROJECT_VERSION = 1;
				DEVELOPMENT_ASSET_PATHS = "\"BeerAdvisor/Preview Content\"";
				DEVELOPMENT_TEAM = 623CP8LB85;
				ENABLE_PREVIEWS = YES;
				GENERATE_INFOPLIST_FILE = YES;
				INFOPLIST_KEY_UIApplicationSceneManifest_Generation = YES;
				INFOPLIST_KEY_UIApplicationSupportsIndirectInputEvents = YES;
				INFOPLIST_KEY_UILaunchScreen_Generation = YES;
				INFOPLIST_KEY_UISupportedInterfaceOrientations_iPad = "UIInterfaceOrientationPortrait UIInterfaceOrientationPortraitUpsideDown UIInterfaceOrientationLandscapeLeft UIInterfaceOrientationLandscapeRight";
				INFOPLIST_KEY_UISupportedInterfaceOrientations_iPhone = "UIInterfaceOrientationPortrait UIInterfaceOrientationLandscapeLeft UIInterfaceOrientationLandscapeRight";
				LD_RUNPATH_SEARCH_PATHS = (
					"$(inherited)",
					"@executable_path/Frameworks",
				);
				MARKETING_VERSION = 1.0;
				PRODUCT_BUNDLE_IDENTIFIER = fritzboyle.BeerAdvisor;
				PRODUCT_NAME = "$(TARGET_NAME)";
				SWIFT_EMIT_LOC_STRINGS = YES;
				SWIFT_VERSION = 5.0;
				TARGETED_DEVICE_FAMILY = "1,2";
			};
			name = Release;
		};
		D5672D7A2CF014FD00A78F5A /* Debug */ = {
			isa = XCBuildConfiguration;
			buildSettings = {
				BUNDLE_LOADER = "$(TEST_HOST)";
				CODE_SIGN_STYLE = Automatic;
				CURRENT_PROJECT_VERSION = 1;
				DEVELOPMENT_TEAM = 623CP8LB85;
				GENERATE_INFOPLIST_FILE = YES;
				IPHONEOS_DEPLOYMENT_TARGET = 18.1;
				MARKETING_VERSION = 1.0;
				PRODUCT_BUNDLE_IDENTIFIER = fritzboyle.BeerAdvisorTests;
				PRODUCT_NAME = "$(TARGET_NAME)";
				SWIFT_EMIT_LOC_STRINGS = NO;
				SWIFT_VERSION = 5.0;
				TARGETED_DEVICE_FAMILY = "1,2";
				TEST_HOST = "$(BUILT_PRODUCTS_DIR)/BeerAdvisor.app/$(BUNDLE_EXECUTABLE_FOLDER_PATH)/BeerAdvisor";
			};
			name = Debug;
		};
		D5672D7B2CF014FD00A78F5A /* Release */ = {
			isa = XCBuildConfiguration;
			buildSettings = {
				BUNDLE_LOADER = "$(TEST_HOST)";
				CODE_SIGN_STYLE = Automatic;
				CURRENT_PROJECT_VERSION = 1;
				DEVELOPMENT_TEAM = 623CP8LB85;
				GENERATE_INFOPLIST_FILE = YES;
				IPHONEOS_DEPLOYMENT_TARGET = 18.1;
				MARKETING_VERSION = 1.0;
				PRODUCT_BUNDLE_IDENTIFIER = fritzboyle.BeerAdvisorTests;
				PRODUCT_NAME = "$(TARGET_NAME)";
				SWIFT_EMIT_LOC_STRINGS = NO;
				SWIFT_VERSION = 5.0;
				TARGETED_DEVICE_FAMILY = "1,2";
				TEST_HOST = "$(BUILT_PRODUCTS_DIR)/BeerAdvisor.app/$(BUNDLE_EXECUTABLE_FOLDER_PATH)/BeerAdvisor";
			};
			name = Release;
		};
		D5672D7D2CF014FD00A78F5A /* Debug */ = {
			isa = XCBuildConfiguration;
			buildSettings = {
				CODE_SIGN_STYLE = Automatic;
				CURRENT_PROJECT_VERSION = 1;
				DEVELOPMENT_TEAM = 623CP8LB85;
				GENERATE_INFOPLIST_FILE = YES;
				MARKETING_VERSION = 1.0;
				PRODUCT_BUNDLE_IDENTIFIER = fritzboyle.BeerAdvisorUITests;
				PRODUCT_NAME = "$(TARGET_NAME)";
				SWIFT_EMIT_LOC_STRINGS = NO;
				SWIFT_VERSION = 5.0;
				TARGETED_DEVICE_FAMILY = "1,2";
				TEST_TARGET_NAME = BeerAdvisor;
			};
			name = Debug;
		};
		D5672D7E2CF014FD00A78F5A /* Release */ = {
			isa = XCBuildConfiguration;
			buildSettings = {
				CODE_SIGN_STYLE = Automatic;
				CURRENT_PROJECT_VERSION = 1;
				DEVELOPMENT_TEAM = 623CP8LB85;
				GENERATE_INFOPLIST_FILE = YES;
				MARKETING_VERSION = 1.0;
				PRODUCT_BUNDLE_IDENTIFIER = fritzboyle.BeerAdvisorUITests;
				PRODUCT_NAME = "$(TARGET_NAME)";
				SWIFT_EMIT_LOC_STRINGS = NO;
				SWIFT_VERSION = 5.0;
				TARGETED_DEVICE_FAMILY = "1,2";
				TEST_TARGET_NAME = BeerAdvisor;
			};
			name = Release;
		};
/* End XCBuildConfiguration section */

/* Begin XCConfigurationList section */
		D5672D4D2CF014FC00A78F5A /* Build configuration list for PBXProject "BeerAdvisor" */ = {
			isa = XCConfigurationList;
			buildConfigurations = (
				D5672D742CF014FD00A78F5A /* Debug */,
				D5672D752CF014FD00A78F5A /* Release */,
			);
			defaultConfigurationIsVisible = 0;
			defaultConfigurationName = Release;
		};
		D5672D762CF014FD00A78F5A /* Build configuration list for PBXNativeTarget "BeerAdvisor" */ = {
			isa = XCConfigurationList;
			buildConfigurations = (
				D5672D772CF014FD00A78F5A /* Debug */,
				D5672D782CF014FD00A78F5A /* Release */,
			);
			defaultConfigurationIsVisible = 0;
			defaultConfigurationName = Release;
		};
		D5672D792CF014FD00A78F5A /* Build configuration list for PBXNativeTarget "BeerAdvisorTests" */ = {
			isa = XCConfigurationList;
			buildConfigurations = (
				D5672D7A2CF014FD00A78F5A /* Debug */,
				D5672D7B2CF014FD00A78F5A /* Release */,
			);
			defaultConfigurationIsVisible = 0;
			defaultConfigurationName = Release;
		};
		D5672D7C2CF014FD00A78F5A /* Build configuration list for PBXNativeTarget "BeerAdvisorUITests" */ = {
			isa = XCConfigurationList;
			buildConfigurations = (
				D5672D7D2CF014FD00A78F5A /* Debug */,
				D5672D7E2CF014FD00A78F5A /* Release */,
			);
			defaultConfigurationIsVisible = 0;
			defaultConfigurationName = Release;
		};
/* End XCConfigurationList section */
	};
	rootObject = D5672D4A2CF014FC00A78F5A /* Project object */;
}
